
Microsoft Visual Studio Solution File, Format Version 12.00
# Visual Studio Version 17
VisualStudioVersion = 17.8.34330.188
MinimumVisualStudioVersion = 10.0.40219.1
Project("{9A19103F-16F7-4668-BE54-9A1E7A4F7556}") = "UrlShortnerApi", "UrlShortnerApi\UrlShortnerApi.csproj", "{7B0C9089-2F56-4325-AD79-E46147E581AE}"
EndProject
Project("{9A19103F-16F7-4668-BE54-9A1E7A4F7556}") = "UrlShortner.Auth", "UrlShortner.Auth\UrlShortner.Auth.csproj", "{F7D3E0F4-2959-47F5-827A-5D6A1F41D8DF}"
EndProject
Project("{9A19103F-16F7-4668-BE54-9A1E7A4F7556}") = "UrlShortner.Gateway", "UrlShortner.Gateway\UrlShortner.Gateway.csproj", "{1B7CFEC4-B363-465E-B182-CB323477B566}"
EndProject
Project("{FAE04EC0-301F-11D3-BF4B-00C04F79EFBC}") = "UrlShortner.Web.Server", "UrlShortner.Web\UrlShortner.Web.Server\UrlShortner.Web.Server.csproj", "{40B62F49-04AB-491C-A343-1A9FEC493F93}"
EndProject
Project("{54A90642-561A-4BB1-A94E-469ADEE60C69}") = "urlshortner.web.client", "UrlShortner.Web\urlshortner.web.client\urlshortner.web.client.esproj", "{53E4B4A7-6149-4B10-B384-A35FE661AEF9}"
EndProject
Global
	GlobalSection(SolutionConfigurationPlatforms) = preSolution
		Debug|Any CPU = Debug|Any CPU
		Release|Any CPU = Release|Any CPU
	EndGlobalSection
	GlobalSection(ProjectConfigurationPlatforms) = postSolution
		{7B0C9089-2F56-4325-AD79-E46147E581AE}.Debug|Any CPU.ActiveCfg = Debug|Any CPU
		{7B0C9089-2F56-4325-AD79-E46147E581AE}.Debug|Any CPU.Build.0 = Debug|Any CPU
		{7B0C9089-2F56-4325-AD79-E46147E581AE}.Release|Any CPU.ActiveCfg = Release|Any CPU
		{7B0C9089-2F56-4325-AD79-E46147E581AE}.Release|Any CPU.Build.0 = Release|Any CPU
		{F7D3E0F4-2959-47F5-827A-5D6A1F41D8DF}.Debug|Any CPU.ActiveCfg = Debug|Any CPU
		{F7D3E0F4-2959-47F5-827A-5D6A1F41D8DF}.Debug|Any CPU.Build.0 = Debug|Any CPU
		{F7D3E0F4-2959-47F5-827A-5D6A1F41D8DF}.Release|Any CPU.ActiveCfg = Release|Any CPU
		{F7D3E0F4-2959-47F5-827A-5D6A1F41D8DF}.Release|Any CPU.Build.0 = Release|Any CPU
		{1B7CFEC4-B363-465E-B182-CB323477B566}.Debug|Any CPU.ActiveCfg = Debug|Any CPU
		{1B7CFEC4-B363-465E-B182-CB323477B566}.Debug|Any CPU.Build.0 = Debug|Any CPU
		{1B7CFEC4-B363-465E-B182-CB323477B566}.Release|Any CPU.ActiveCfg = Release|Any CPU
		{1B7CFEC4-B363-465E-B182-CB323477B566}.Release|Any CPU.Build.0 = Release|Any CPU
		{40B62F49-04AB-491C-A343-1A9FEC493F93}.Debug|Any CPU.ActiveCfg = Debug|Any CPU
		{40B62F49-04AB-491C-A343-1A9FEC493F93}.Debug|Any CPU.Build.0 = Debug|Any CPU
		{40B62F49-04AB-491C-A343-1A9FEC493F93}.Release|Any CPU.ActiveCfg = Release|Any CPU
		{40B62F49-04AB-491C-A343-1A9FEC493F93}.Release|Any CPU.Build.0 = Release|Any CPU
		{53E4B4A7-6149-4B10-B384-A35FE661AEF9}.Debug|Any CPU.ActiveCfg = Debug|Any CPU
		{53E4B4A7-6149-4B10-B384-A35FE661AEF9}.Debug|Any CPU.Build.0 = Debug|Any CPU
		{53E4B4A7-6149-4B10-B384-A35FE661AEF9}.Debug|Any CPU.Deploy.0 = Debug|Any CPU
		{53E4B4A7-6149-4B10-B384-A35FE661AEF9}.Release|Any CPU.ActiveCfg = Release|Any CPU
		{53E4B4A7-6149-4B10-B384-A35FE661AEF9}.Release|Any CPU.Build.0 = Release|Any CPU
		{53E4B4A7-6149-4B10-B384-A35FE661AEF9}.Release|Any CPU.Deploy.0 = Release|Any CPU
	EndGlobalSection
	GlobalSection(SolutionProperties) = preSolution
		HideSolutionNode = FALSE
	EndGlobalSection
	GlobalSection(ExtensibilityGlobals) = postSolution
		SolutionGuid = {0415BAF3-0BE3-4578-868E-DD305F77D403}
	EndGlobalSection
EndGlobal
